// !$*UTF8*$!
{
	archiveVersion = 1;
	classes = {
	};
	objectVersion = 46;
	objects = {

/* Begin PBXBuildFile section */
		1D3623260D0F684500981E51 /* GameBookAppDelegate.m in Sources */ = {isa = PBXBuildFile; fileRef = 1D3623250D0F684500981E51 /* GameBookAppDelegate.m */; };
		1D60589B0D05DD56006BFB54 /* main.m in Sources */ = {isa = PBXBuildFile; fileRef = 29B97316FDCFA39411CA2CEA /* main.m */; };
		1D60589F0D05DD5A006BFB54 /* Foundation.framework in Frameworks */ = {isa = PBXBuildFile; fileRef = 1D30AB110D05D00D00671497 /* Foundation.framework */; };
		1DF5F4E00D08C38300B7A737 /* UIKit.framework in Frameworks */ = {isa = PBXBuildFile; fileRef = 1DF5F4DF0D08C38300B7A737 /* UIKit.framework */; };
		288765A50DF7441C002DB57D /* CoreGraphics.framework in Frameworks */ = {isa = PBXBuildFile; fileRef = 288765A40DF7441C002DB57D /* CoreGraphics.framework */; };
		28AD733F0D9D9553002E5188 /* MainWindow.xib in Resources */ = {isa = PBXBuildFile; fileRef = 28AD733E0D9D9553002E5188 /* MainWindow.xib */; };
		DD098E21126E300E00BF8B8C /* wells.txt in Resources */ = {isa = PBXBuildFile; fileRef = DD098E1D126E300E00BF8B8C /* wells.txt */; };
		DD098E22126E300E00BF8B8C /* melville.txt in Resources */ = {isa = PBXBuildFile; fileRef = DD098E1E126E300E00BF8B8C /* melville.txt */; };
		DD098E23126E300E00BF8B8C /* kafka.txt in Resources */ = {isa = PBXBuildFile; fileRef = DD098E1F126E300E00BF8B8C /* kafka.txt */; };
		DD098E24126E300E00BF8B8C /* burroughs.txt in Resources */ = {isa = PBXBuildFile; fileRef = DD098E20126E300E00BF8B8C /* burroughs.txt */; };
		DD11E9EA12F8D68500317E3C /* OpenBookViewController.m in Sources */ = {isa = PBXBuildFile; fileRef = DD11E9E912F8D68500317E3C /* OpenBookViewController.m */; };
		DD11EB3312F9EF5D00317E3C /* GBTouchable.m in Sources */ = {isa = PBXBuildFile; fileRef = DD11EB3112F9EF5D00317E3C /* GBTouchable.m */; };
		DD1634281276098100456EE0 /* fancy cover.png in Resources */ = {isa = PBXBuildFile; fileRef = DD1634271276098100456EE0 /* fancy cover.png */; };
		DD163491127615DA00456EE0 /* MainTitleMenu.m in Sources */ = {isa = PBXBuildFile; fileRef = DD16348F127615DA00456EE0 /* MainTitleMenu.m */; };
		DD163492127615DA00456EE0 /* MainTitleMenu.xib in Resources */ = {isa = PBXBuildFile; fileRef = DD163490127615DA00456EE0 /* MainTitleMenu.xib */; };
		DD22F422134AA35C00BD2C00 /* OrderedDictionary.m in Sources */ = {isa = PBXBuildFile; fileRef = DD8E7C8112FCF73E0085A8F6 /* OrderedDictionary.m */; };
		DD2B78FE12F28C570038901C /* pageEdge_left.png in Resources */ = {isa = PBXBuildFile; fileRef = DD2B78FC12F28C570038901C /* pageEdge_left.png */; };
		DD2B78FF12F28C570038901C /* pageEdge_right.png in Resources */ = {isa = PBXBuildFile; fileRef = DD2B78FD12F28C570038901C /* pageEdge_right.png */; };
		DD53BB3312A02F2E005093BA /* bird.png in Resources */ = {isa = PBXBuildFile; fileRef = DD53BB2112A02F2D005093BA /* bird.png */; };
		DD53BB3412A02F2E005093BA /* branch.png in Resources */ = {isa = PBXBuildFile; fileRef = DD53BB2212A02F2D005093BA /* branch.png */; };
		DD53BB3512A02F2E005093BA /* deer.png in Resources */ = {isa = PBXBuildFile; fileRef = DD53BB2312A02F2D005093BA /* deer.png */; };
		DD53BB3612A02F2E005093BA /* flowers.png in Resources */ = {isa = PBXBuildFile; fileRef = DD53BB2412A02F2D005093BA /* flowers.png */; };
		DD53BB3712A02F2E005093BA /* fruit.png in Resources */ = {isa = PBXBuildFile; fileRef = DD53BB2512A02F2D005093BA /* fruit.png */; };
		DD53BB3812A02F2E005093BA /* Grasses.png in Resources */ = {isa = PBXBuildFile; fileRef = DD53BB2612A02F2D005093BA /* Grasses.png */; };
		DD53BB3912A02F2E005093BA /* leaves1.png in Resources */ = {isa = PBXBuildFile; fileRef = DD53BB2712A02F2D005093BA /* leaves1.png */; };
		DD53BB3A12A02F2E005093BA /* leaves2.png in Resources */ = {isa = PBXBuildFile; fileRef = DD53BB2812A02F2D005093BA /* leaves2.png */; };
		DD53BB3B12A02F2E005093BA /* mosses.png in Resources */ = {isa = PBXBuildFile; fileRef = DD53BB2912A02F2D005093BA /* mosses.png */; };
		DD53BB3C12A02F2E005093BA /* mushroom.png in Resources */ = {isa = PBXBuildFile; fileRef = DD53BB2A12A02F2D005093BA /* mushroom.png */; };
		DD53BB3D12A02F2E005093BA /* pine.png in Resources */ = {isa = PBXBuildFile; fileRef = DD53BB2B12A02F2D005093BA /* pine.png */; };
		DD53BB3E12A02F2E005093BA /* puddle.png in Resources */ = {isa = PBXBuildFile; fileRef = DD53BB2C12A02F2E005093BA /* puddle.png */; };
		DD53BB3F12A02F2E005093BA /* roots.png in Resources */ = {isa = PBXBuildFile; fileRef = DD53BB2D12A02F2E005093BA /* roots.png */; };
		DD53BB4012A02F2E005093BA /* silhouette1.png in Resources */ = {isa = PBXBuildFile; fileRef = DD53BB2E12A02F2E005093BA /* silhouette1.png */; };
		DD53BB4112A02F2E005093BA /* silhouette2.png in Resources */ = {isa = PBXBuildFile; fileRef = DD53BB2F12A02F2E005093BA /* silhouette2.png */; };
		DD53BB4212A02F2E005093BA /* stream.png in Resources */ = {isa = PBXBuildFile; fileRef = DD53BB3012A02F2E005093BA /* stream.png */; };
		DD53BB4312A02F2E005093BA /* treetrunks.png in Resources */ = {isa = PBXBuildFile; fileRef = DD53BB3112A02F2E005093BA /* treetrunks.png */; };
		DD53BB4412A02F2E005093BA /* vine.png in Resources */ = {isa = PBXBuildFile; fileRef = DD53BB3212A02F2E005093BA /* vine.png */; };
		DD53BB8212A04B53005093BA /* SectionView.m in Sources */ = {isa = PBXBuildFile; fileRef = DD53BB8112A04B53005093BA /* SectionView.m */; };
		DD53BBB812A0F847005093BA /* SceneView.m in Sources */ = {isa = PBXBuildFile; fileRef = DD53BA39129C4E5E005093BA /* SceneView.m */; };
		DD53BC3D12A21E65005093BA /* Constants.m in Sources */ = {isa = PBXBuildFile; fileRef = DD53BC3C12A21E65005093BA /* Constants.m */; };
		DD53BE8B12A36A8A005093BA /* TextView.m in Sources */ = {isa = PBXBuildFile; fileRef = DD53BE8A12A36A8A005093BA /* TextView.m */; };
		DD53BFE912A490B7005093BA /* forestSmall.png in Resources */ = {isa = PBXBuildFile; fileRef = DD53BFE812A490B7005093BA /* forestSmall.png */; };
		DD55F7BE12A6C18000A578B4 /* parseOption.lua in Resources */ = {isa = PBXBuildFile; fileRef = DD55F79B12A6BBFE00A578B4 /* parseOption.lua */; };
		DD55F7BF12A6C18000A578B4 /* printT.lua in Resources */ = {isa = PBXBuildFile; fileRef = DD55F79C12A6BBFE00A578B4 /* printT.lua */; };
		DD55F7C012A6C18000A578B4 /* gameObjectHelper.lua in Resources */ = {isa = PBXBuildFile; fileRef = DD55F79212A6B9C500A578B4 /* gameObjectHelper.lua */; };
		DD55F7C112A6C18000A578B4 /* gameObjectList.lua in Resources */ = {isa = PBXBuildFile; fileRef = DD55F79312A6B9C500A578B4 /* gameObjectList.lua */; };
		DD55F7C212A6C18000A578B4 /* ParseHelper.lua in Resources */ = {isa = PBXBuildFile; fileRef = DD53BC9D12A2B9FA005093BA /* ParseHelper.lua */; };
		DD620CE0133C2EDB00456371 /* SectionViewController.m in Sources */ = {isa = PBXBuildFile; fileRef = DD620CDF133C2EDB00456371 /* SectionViewController.m */; };
		DD69F64B12BF0C6200C9CA60 /* wax.framework in Frameworks */ = {isa = PBXBuildFile; fileRef = DD69F64A12BF0C6200C9CA60 /* wax.framework */; };
		DD7CB5D713690CA800FF527D /* UIKit.framework in Frameworks */ = {isa = PBXBuildFile; fileRef = 1DF5F4DF0D08C38300B7A737 /* UIKit.framework */; };
		DD7CB5D813690CA800FF527D /* Foundation.framework in Frameworks */ = {isa = PBXBuildFile; fileRef = 1D30AB110D05D00D00671497 /* Foundation.framework */; };
		DD7CB5D913690CA800FF527D /* CoreGraphics.framework in Frameworks */ = {isa = PBXBuildFile; fileRef = 288765A40DF7441C002DB57D /* CoreGraphics.framework */; };
		DD7CB5DF13690CA800FF527D /* InfoPlist.strings in Resources */ = {isa = PBXBuildFile; fileRef = DD7CB5DD13690CA800FF527D /* InfoPlist.strings */; };
		DD7CB5E213690CA800FF527D /* Tests.h in Resources */ = {isa = PBXBuildFile; fileRef = DD7CB5E113690CA800FF527D /* Tests.h */; };
		DD7CB5E413690CA800FF527D /* Tests.m in Sources */ = {isa = PBXBuildFile; fileRef = DD7CB5E313690CA800FF527D /* Tests.m */; };
		DD7CB5E813690D2E00FF527D /* OrderedDictionary.m in Sources */ = {isa = PBXBuildFile; fileRef = DD8E7C8112FCF73E0085A8F6 /* OrderedDictionary.m */; };
		DD888FA613440A43005EB847 /* InsidePagesTransitionComponent.m in Sources */ = {isa = PBXBuildFile; fileRef = DD888FA513440A43005EB847 /* InsidePagesTransitionComponent.m */; };
		DD89688E12D7CE4300021330 /* prologue_button.png in Resources */ = {isa = PBXBuildFile; fileRef = DD89688D12D7CE4300021330 /* prologue_button.png */; };
		DD89689712D7D88900021330 /* prologue_button_2.png in Resources */ = {isa = PBXBuildFile; fileRef = DD89689612D7D88900021330 /* prologue_button_2.png */; };
		DD896A2512D94E0300021330 /* QuartzCore.framework in Frameworks */ = {isa = PBXBuildFile; fileRef = DD896A2412D94E0300021330 /* QuartzCore.framework */; };
		DD8A4B461276588000ECC094 /* GameBookViewWithDelegate.m in Sources */ = {isa = PBXBuildFile; fileRef = DD8A4B451276588000ECC094 /* GameBookViewWithDelegate.m */; };
		DD8A99521259829700C2F04F /* ambushSmall.png in Resources */ = {isa = PBXBuildFile; fileRef = DD8A994D1259829700C2F04F /* ambushSmall.png */; };
		DD8A99531259829700C2F04F /* deerSmall.png in Resources */ = {isa = PBXBuildFile; fileRef = DD8A994E1259829700C2F04F /* deerSmall.png */; };
		DD8A99541259829700C2F04F /* factorySmall.png in Resources */ = {isa = PBXBuildFile; fileRef = DD8A994F1259829700C2F04F /* factorySmall.png */; };
		DD8A99551259829700C2F04F /* motherSmall.png in Resources */ = {isa = PBXBuildFile; fileRef = DD8A99501259829700C2F04F /* motherSmall.png */; };
		DD8A99561259829700C2F04F /* passageSmall.png in Resources */ = {isa = PBXBuildFile; fileRef = DD8A99511259829700C2F04F /* passageSmall.png */; };
		DD8AD83512ECA99B00083F77 /* PassTouchButton.m in Sources */ = {isa = PBXBuildFile; fileRef = DD8AD83412ECA99B00083F77 /* PassTouchButton.m */; };
		DDAC812112E8BB5700E2B011 /* LeavesCache.m in Sources */ = {isa = PBXBuildFile; fileRef = DDAC811C12E8BB5600E2B011 /* LeavesCache.m */; };
		DDAC812212E8BB5700E2B011 /* LeavesView.m in Sources */ = {isa = PBXBuildFile; fileRef = DDAC811E12E8BB5600E2B011 /* LeavesView.m */; };
		DDAC812312E8BB5700E2B011 /* LeavesViewController.m in Sources */ = {isa = PBXBuildFile; fileRef = DDAC812012E8BB5600E2B011 /* LeavesViewController.m */; };
		DDBB8BF712AAEE2300C1F885 /* GamebookLog.m in Sources */ = {isa = PBXBuildFile; fileRef = DDBB8BF612AAEE2300C1F885 /* GamebookLog.m */; };
		DDBC76AE12AA120000654D42 /* Index.txt in Resources */ = {isa = PBXBuildFile; fileRef = DDBC76AB12AA120000654D42 /* Index.txt */; };
		DDBC76AF12AA120000654D42 /* factoryExplore_assembly.txt in Resources */ = {isa = PBXBuildFile; fileRef = DDBC76AC12AA120000654D42 /* factoryExplore_assembly.txt */; };
		DDBC76B012AA120000654D42 /* factoryExplore_doors.txt in Resources */ = {isa = PBXBuildFile; fileRef = DDBC76AD12AA120000654D42 /* factoryExplore_doors.txt */; };
		DDCC9E3512724D29005C5745 /* PrologueViewController.m in Sources */ = {isa = PBXBuildFile; fileRef = DDCC9E3312724D29005C5745 /* PrologueViewController.m */; };
		DDCC9E3612724D29005C5745 /* PrologueViewController.xib in Resources */ = {isa = PBXBuildFile; fileRef = DDCC9E3412724D29005C5745 /* PrologueViewController.xib */; };
		DDCC9E6912726B86005C5745 /* BookViewController.m in Sources */ = {isa = PBXBuildFile; fileRef = DDCC9E6712726B86005C5745 /* BookViewController.m */; };
		DDCC9E6A12726B86005C5745 /* BookViewController.xib in Resources */ = {isa = PBXBuildFile; fileRef = DDCC9E6812726B86005C5745 /* BookViewController.xib */; };
		DDCC9EC412738E9E005C5745 /* CoverViewController.m in Sources */ = {isa = PBXBuildFile; fileRef = DDCC9EC212738E9E005C5745 /* CoverViewController.m */; };
		DDCC9EC512738E9E005C5745 /* CoverViewController.xib in Resources */ = {isa = PBXBuildFile; fileRef = DDCC9EC312738E9E005C5745 /* CoverViewController.xib */; };
		DDCC9F2E1273D28B005C5745 /* cover.jpg in Resources */ = {isa = PBXBuildFile; fileRef = DDCC9F2D1273D28B005C5745 /* cover.jpg */; };
		DDD24CC713456C690064780F /* BookController.m in Sources */ = {isa = PBXBuildFile; fileRef = DDD24CC613456C690064780F /* BookController.m */; };
		DDDA66B212D28E1F00EC1457 /* prologue.txt in Resources */ = {isa = PBXBuildFile; fileRef = DDDA66B112D28E1F00EC1457 /* prologue.txt */; };
		DDDF51B312CBC48800B62509 /* robotSmall.png in Resources */ = {isa = PBXBuildFile; fileRef = DDDF51B212CBC48800B62509 /* robotSmall.png */; };
		DDE5EFB912D6946A000B7315 /* LoggerClient.m in Sources */ = {isa = PBXBuildFile; fileRef = DDE5EFB712D6946A000B7315 /* LoggerClient.m */; };
		DDE5EFD812D69937000B7315 /* CFNetwork.framework in Frameworks */ = {isa = PBXBuildFile; fileRef = DDE5EFD712D69937000B7315 /* CFNetwork.framework */; };
		DDE5EFDC12D69953000B7315 /* SystemConfiguration.framework in Frameworks */ = {isa = PBXBuildFile; fileRef = DDE5EFDB12D69953000B7315 /* SystemConfiguration.framework */; };
		DDEA092412F120130020D002 /* NSDictionary+Section.m in Sources */ = {isa = PBXBuildFile; fileRef = DDEA092312F120130020D002 /* NSDictionary+Section.m */; };
		DDEC2B181293AE2B00A92357 /* WaxLua.m in Sources */ = {isa = PBXBuildFile; fileRef = DDEC2B171293AE2A00A92357 /* WaxLua.m */; };
		DDEC2B4C1293B0E000A92357 /* SectionParser.m in Sources */ = {isa = PBXBuildFile; fileRef = DDEC2B4B1293B0E000A92357 /* SectionParser.m */; };
		DDFBF144126A39A800B21630 /* PagesViewController.m in Sources */ = {isa = PBXBuildFile; fileRef = DDFBF142126A39A800B21630 /* PagesViewController.m */; };
		DDFBF145126A39A800B21630 /* SectionViewController.xib in Resources */ = {isa = PBXBuildFile; fileRef = DDFBF143126A39A800B21630 /* SectionViewController.xib */; };
		DDFBF175126A482500B21630 /* IndexTEST.txt in Resources */ = {isa = PBXBuildFile; fileRef = DDFBF171126A482500B21630 /* IndexTEST.txt */; };
/* End PBXBuildFile section */

/* Begin PBXBuildRule section */
		DDD77CD012A6029800D94B48 /* PBXBuildRule */ = {
			isa = PBXBuildRule;
			compilerSpec = com.apple.compilers.proxy.script;
			filePatterns = "*.ploop";
			fileType = pattern.proxy;
			isEditable = 1;
			outputFiles = (
			);
			script = "echo \"Ignoring ${INPUT_FILE}\"";
		};
/* End PBXBuildRule section */

/* Begin PBXFileReference section */
		1D30AB110D05D00D00671497 /* Foundation.framework */ = {isa = PBXFileReference; lastKnownFileType = wrapper.framework; name = Foundation.framework; path = System/Library/Frameworks/Foundation.framework; sourceTree = SDKROOT; };
		1D3623240D0F684500981E51 /* GameBookAppDelegate.h */ = {isa = PBXFileReference; fileEncoding = 4; lastKnownFileType = sourcecode.c.h; path = GameBookAppDelegate.h; sourceTree = "<group>"; };
		1D3623250D0F684500981E51 /* GameBookAppDelegate.m */ = {isa = PBXFileReference; fileEncoding = 4; lastKnownFileType = sourcecode.c.objc; path = GameBookAppDelegate.m; sourceTree = "<group>"; wrapsLines = 1; };
		1D6058910D05DD3D006BFB54 /* GameBook.app */ = {isa = PBXFileReference; explicitFileType = wrapper.application; includeInIndex = 0; path = GameBook.app; sourceTree = BUILT_PRODUCTS_DIR; };
		1DF5F4DF0D08C38300B7A737 /* UIKit.framework */ = {isa = PBXFileReference; lastKnownFileType = wrapper.framework; name = UIKit.framework; path = System/Library/Frameworks/UIKit.framework; sourceTree = SDKROOT; };
		288765A40DF7441C002DB57D /* CoreGraphics.framework */ = {isa = PBXFileReference; lastKnownFileType = wrapper.framework; name = CoreGraphics.framework; path = System/Library/Frameworks/CoreGraphics.framework; sourceTree = SDKROOT; };
		28AD733E0D9D9553002E5188 /* MainWindow.xib */ = {isa = PBXFileReference; lastKnownFileType = file.xib; path = MainWindow.xib; sourceTree = "<group>"; };
		29B97316FDCFA39411CA2CEA /* main.m */ = {isa = PBXFileReference; fileEncoding = 4; lastKnownFileType = sourcecode.c.objc; path = main.m; sourceTree = "<group>"; };
		32CA4F630368D1EE00C91783 /* GameBook_Prefix.pch */ = {isa = PBXFileReference; fileEncoding = 4; lastKnownFileType = sourcecode.c.h; path = GameBook_Prefix.pch; sourceTree = "<group>"; };
		8D1107310486CEB800E47090 /* GameBook-Info.plist */ = {isa = PBXFileReference; fileEncoding = 4; lastKnownFileType = text.plist.xml; path = "GameBook-Info.plist"; plistStructureDefinitionIdentifier = "com.apple.xcode.plist.structure-definition.iphone.info-plist"; sourceTree = "<group>"; };
		DD098E1D126E300E00BF8B8C /* wells.txt */ = {isa = PBXFileReference; fileEncoding = 4; lastKnownFileType = text; path = wells.txt; sourceTree = "<group>"; wrapsLines = 1; };
		DD098E1E126E300E00BF8B8C /* melville.txt */ = {isa = PBXFileReference; fileEncoding = 4; lastKnownFileType = text; path = melville.txt; sourceTree = "<group>"; wrapsLines = 1; };
		DD098E1F126E300E00BF8B8C /* kafka.txt */ = {isa = PBXFileReference; fileEncoding = 4; lastKnownFileType = text; path = kafka.txt; sourceTree = "<group>"; wrapsLines = 1; };
		DD098E20126E300E00BF8B8C /* burroughs.txt */ = {isa = PBXFileReference; fileEncoding = 4; lastKnownFileType = text; path = burroughs.txt; sourceTree = "<group>"; wrapsLines = 1; };
		DD11E9E812F8D68500317E3C /* OpenBookViewController.h */ = {isa = PBXFileReference; fileEncoding = 4; lastKnownFileType = sourcecode.c.h; path = OpenBookViewController.h; sourceTree = "<group>"; };
		DD11E9E912F8D68500317E3C /* OpenBookViewController.m */ = {isa = PBXFileReference; fileEncoding = 4; lastKnownFileType = sourcecode.c.objc; path = OpenBookViewController.m; sourceTree = "<group>"; };
		DD11EB3012F9EF5D00317E3C /* GBTouchable.h */ = {isa = PBXFileReference; fileEncoding = 4; lastKnownFileType = sourcecode.c.h; path = GBTouchable.h; sourceTree = "<group>"; };
		DD11EB3112F9EF5D00317E3C /* GBTouchable.m */ = {isa = PBXFileReference; fileEncoding = 4; lastKnownFileType = sourcecode.c.objc; path = GBTouchable.m; sourceTree = "<group>"; };
		DD11EBD412FA267000317E3C /* ViewSwitchProtocol.h */ = {isa = PBXFileReference; fileEncoding = 4; lastKnownFileType = sourcecode.c.h; path = ViewSwitchProtocol.h; sourceTree = "<group>"; };
		DD1634271276098100456EE0 /* fancy cover.png */ = {isa = PBXFileReference; lastKnownFileType = image.png; path = "fancy cover.png"; sourceTree = "<group>"; };
		DD16348E127615DA00456EE0 /* MainTitleMenu.h */ = {isa = PBXFileReference; fileEncoding = 4; lastKnownFileType = sourcecode.c.h; path = MainTitleMenu.h; sourceTree = "<group>"; };
		DD16348F127615DA00456EE0 /* MainTitleMenu.m */ = {isa = PBXFileReference; fileEncoding = 4; lastKnownFileType = sourcecode.c.objc; path = MainTitleMenu.m; sourceTree = "<group>"; };
		DD163490127615DA00456EE0 /* MainTitleMenu.xib */ = {isa = PBXFileReference; lastKnownFileType = file.xib; name = MainTitleMenu.xib; path = Classes/MainTitleMenu.xib; sourceTree = "<group>"; };
		DD22F421134A8A4B00BD2C00 /* SynthesizeSingleton.h */ = {isa = PBXFileReference; fileEncoding = 4; lastKnownFileType = sourcecode.c.h; path = SynthesizeSingleton.h; sourceTree = "<group>"; };
		DD2774DD128D1B31003156B3 /* AppDelegate.lua */ = {isa = PBXFileReference; fileEncoding = 4; lastKnownFileType = sourcecode.lua; path = AppDelegate.lua; sourceTree = "<group>"; };
		DD2B783412D42A6A002DABB0 /* prologueHelper.lua */ = {isa = PBXFileReference; fileEncoding = 4; lastKnownFileType = sourcecode.lua; path = prologueHelper.lua; sourceTree = "<group>"; };
		DD2B78FC12F28C570038901C /* pageEdge_left.png */ = {isa = PBXFileReference; lastKnownFileType = image.png; path = pageEdge_left.png; sourceTree = "<group>"; };
		DD2B78FD12F28C570038901C /* pageEdge_right.png */ = {isa = PBXFileReference; lastKnownFileType = image.png; path = pageEdge_right.png; sourceTree = "<group>"; };
		DD53BA38129C4E5E005093BA /* SceneView.h */ = {isa = PBXFileReference; fileEncoding = 4; lastKnownFileType = sourcecode.c.h; path = SceneView.h; sourceTree = "<group>"; };
		DD53BA39129C4E5E005093BA /* SceneView.m */ = {isa = PBXFileReference; fileEncoding = 4; lastKnownFileType = sourcecode.c.objc; path = SceneView.m; sourceTree = "<group>"; wrapsLines = 1; };
		DD53BB2112A02F2D005093BA /* bird.png */ = {isa = PBXFileReference; lastKnownFileType = image.png; path = bird.png; sourceTree = "<group>"; };
		DD53BB2212A02F2D005093BA /* branch.png */ = {isa = PBXFileReference; lastKnownFileType = image.png; path = branch.png; sourceTree = "<group>"; };
		DD53BB2312A02F2D005093BA /* deer.png */ = {isa = PBXFileReference; lastKnownFileType = image.png; path = deer.png; sourceTree = "<group>"; };
		DD53BB2412A02F2D005093BA /* flowers.png */ = {isa = PBXFileReference; lastKnownFileType = image.png; path = flowers.png; sourceTree = "<group>"; };
		DD53BB2512A02F2D005093BA /* fruit.png */ = {isa = PBXFileReference; lastKnownFileType = image.png; path = fruit.png; sourceTree = "<group>"; };
		DD53BB2612A02F2D005093BA /* Grasses.png */ = {isa = PBXFileReference; lastKnownFileType = image.png; path = Grasses.png; sourceTree = "<group>"; };
		DD53BB2712A02F2D005093BA /* leaves1.png */ = {isa = PBXFileReference; lastKnownFileType = image.png; path = leaves1.png; sourceTree = "<group>"; };
		DD53BB2812A02F2D005093BA /* leaves2.png */ = {isa = PBXFileReference; lastKnownFileType = image.png; path = leaves2.png; sourceTree = "<group>"; };
		DD53BB2912A02F2D005093BA /* mosses.png */ = {isa = PBXFileReference; lastKnownFileType = image.png; path = mosses.png; sourceTree = "<group>"; };
		DD53BB2A12A02F2D005093BA /* mushroom.png */ = {isa = PBXFileReference; lastKnownFileType = image.png; path = mushroom.png; sourceTree = "<group>"; };
		DD53BB2B12A02F2D005093BA /* pine.png */ = {isa = PBXFileReference; lastKnownFileType = image.png; path = pine.png; sourceTree = "<group>"; };
		DD53BB2C12A02F2E005093BA /* puddle.png */ = {isa = PBXFileReference; lastKnownFileType = image.png; path = puddle.png; sourceTree = "<group>"; };
		DD53BB2D12A02F2E005093BA /* roots.png */ = {isa = PBXFileReference; lastKnownFileType = image.png; path = roots.png; sourceTree = "<group>"; };
		DD53BB2E12A02F2E005093BA /* silhouette1.png */ = {isa = PBXFileReference; lastKnownFileType = image.png; path = silhouette1.png; sourceTree = "<group>"; };
		DD53BB2F12A02F2E005093BA /* silhouette2.png */ = {isa = PBXFileReference; lastKnownFileType = image.png; path = silhouette2.png; sourceTree = "<group>"; };
		DD53BB3012A02F2E005093BA /* stream.png */ = {isa = PBXFileReference; lastKnownFileType = image.png; path = stream.png; sourceTree = "<group>"; };
		DD53BB3112A02F2E005093BA /* treetrunks.png */ = {isa = PBXFileReference; lastKnownFileType = image.png; path = treetrunks.png; sourceTree = "<group>"; };
		DD53BB3212A02F2E005093BA /* vine.png */ = {isa = PBXFileReference; lastKnownFileType = image.png; path = vine.png; sourceTree = "<group>"; };
		DD53BB8012A04B53005093BA /* SectionView.h */ = {isa = PBXFileReference; fileEncoding = 4; lastKnownFileType = sourcecode.c.h; path = SectionView.h; sourceTree = "<group>"; };
		DD53BB8112A04B53005093BA /* SectionView.m */ = {isa = PBXFileReference; fileEncoding = 4; lastKnownFileType = sourcecode.c.objc; path = SectionView.m; sourceTree = "<group>"; wrapsLines = 1; };
		DD53BC3B12A21E65005093BA /* Constants.h */ = {isa = PBXFileReference; fileEncoding = 4; lastKnownFileType = sourcecode.c.h; path = Constants.h; sourceTree = "<group>"; };
		DD53BC3C12A21E65005093BA /* Constants.m */ = {isa = PBXFileReference; fileEncoding = 4; lastKnownFileType = sourcecode.c.objc; path = Constants.m; sourceTree = "<group>"; };
		DD53BC9D12A2B9FA005093BA /* ParseHelper.lua */ = {isa = PBXFileReference; fileEncoding = 4; lastKnownFileType = sourcecode.lua; path = ParseHelper.lua; sourceTree = "<group>"; };
		DD53BE8912A36A8A005093BA /* TextView.h */ = {isa = PBXFileReference; fileEncoding = 4; lastKnownFileType = sourcecode.c.h; path = TextView.h; sourceTree = "<group>"; };
		DD53BE8A12A36A8A005093BA /* TextView.m */ = {isa = PBXFileReference; fileEncoding = 4; lastKnownFileType = sourcecode.c.objc; path = TextView.m; sourceTree = "<group>"; wrapsLines = 1; };
		DD53BFE812A490B7005093BA /* forestSmall.png */ = {isa = PBXFileReference; lastKnownFileType = image.png; path = forestSmall.png; sourceTree = "<group>"; };
		DD55F79212A6B9C500A578B4 /* gameObjectHelper.lua */ = {isa = PBXFileReference; fileEncoding = 4; lastKnownFileType = sourcecode.lua; path = gameObjectHelper.lua; sourceTree = "<group>"; wrapsLines = 1; };
		DD55F79312A6B9C500A578B4 /* gameObjectList.lua */ = {isa = PBXFileReference; fileEncoding = 4; lastKnownFileType = sourcecode.lua; path = gameObjectList.lua; sourceTree = "<group>"; wrapsLines = 1; };
		DD55F79B12A6BBFE00A578B4 /* parseOption.lua */ = {isa = PBXFileReference; fileEncoding = 4; lastKnownFileType = sourcecode.lua; path = parseOption.lua; sourceTree = "<group>"; };
		DD55F79C12A6BBFE00A578B4 /* printT.lua */ = {isa = PBXFileReference; fileEncoding = 4; lastKnownFileType = sourcecode.lua; path = printT.lua; sourceTree = "<group>"; };
		DD620CDE133C2EDB00456371 /* SectionViewController.h */ = {isa = PBXFileReference; fileEncoding = 4; lastKnownFileType = sourcecode.c.h; path = SectionViewController.h; sourceTree = "<group>"; };
		DD620CDF133C2EDB00456371 /* SectionViewController.m */ = {isa = PBXFileReference; fileEncoding = 4; lastKnownFileType = sourcecode.c.objc; lineEnding = 0; path = SectionViewController.m; sourceTree = "<group>"; xcLanguageSpecificationIdentifier = xcode.lang.objc; };
		DD69F64A12BF0C6200C9CA60 /* wax.framework */ = {isa = PBXFileReference; lastKnownFileType = wrapper.framework; path = wax.framework; sourceTree = "<group>"; };
		DD7CB5D613690CA800FF527D /* Tests.octest */ = {isa = PBXFileReference; explicitFileType = wrapper.cfbundle; includeInIndex = 0; path = Tests.octest; sourceTree = BUILT_PRODUCTS_DIR; };
		DD7CB5DC13690CA800FF527D /* Tests-Info.plist */ = {isa = PBXFileReference; lastKnownFileType = text.plist.xml; path = "Tests-Info.plist"; sourceTree = "<group>"; };
		DD7CB5DE13690CA800FF527D /* en */ = {isa = PBXFileReference; lastKnownFileType = text.plist.strings; name = en; path = en.lproj/InfoPlist.strings; sourceTree = "<group>"; };
		DD7CB5E013690CA800FF527D /* Tests-Prefix.pch */ = {isa = PBXFileReference; lastKnownFileType = sourcecode.c.h; path = "Tests-Prefix.pch"; sourceTree = "<group>"; };
		DD7CB5E113690CA800FF527D /* Tests.h */ = {isa = PBXFileReference; lastKnownFileType = sourcecode.c.h; path = Tests.h; sourceTree = "<group>"; };
		DD7CB5E313690CA800FF527D /* Tests.m */ = {isa = PBXFileReference; lastKnownFileType = sourcecode.c.objc; path = Tests.m; sourceTree = "<group>"; };
		DD888FA413440A43005EB847 /* InsidePagesTransitionComponent.h */ = {isa = PBXFileReference; fileEncoding = 4; lastKnownFileType = sourcecode.c.h; path = InsidePagesTransitionComponent.h; sourceTree = "<group>"; };
		DD888FA513440A43005EB847 /* InsidePagesTransitionComponent.m */ = {isa = PBXFileReference; fileEncoding = 4; lastKnownFileType = sourcecode.c.objc; path = InsidePagesTransitionComponent.m; sourceTree = "<group>"; };
		DD89688D12D7CE4300021330 /* prologue_button.png */ = {isa = PBXFileReference; lastKnownFileType = image.png; path = prologue_button.png; sourceTree = "<group>"; };
		DD89689612D7D88900021330 /* prologue_button_2.png */ = {isa = PBXFileReference; lastKnownFileType = image.png; path = prologue_button_2.png; sourceTree = "<group>"; };
		DD896A2412D94E0300021330 /* QuartzCore.framework */ = {isa = PBXFileReference; lastKnownFileType = wrapper.framework; name = QuartzCore.framework; path = System/Library/Frameworks/QuartzCore.framework; sourceTree = SDKROOT; };
		DD8A4B441276588000ECC094 /* GameBookViewWithDelegate.h */ = {isa = PBXFileReference; fileEncoding = 4; lastKnownFileType = sourcecode.c.h; path = GameBookViewWithDelegate.h; sourceTree = "<group>"; wrapsLines = 1; };
		DD8A4B451276588000ECC094 /* GameBookViewWithDelegate.m */ = {isa = PBXFileReference; fileEncoding = 4; lastKnownFileType = sourcecode.c.objc; path = GameBookViewWithDelegate.m; sourceTree = "<group>"; };
		DD8A994D1259829700C2F04F /* ambushSmall.png */ = {isa = PBXFileReference; lastKnownFileType = image.png; path = ambushSmall.png; sourceTree = "<group>"; };
		DD8A994E1259829700C2F04F /* deerSmall.png */ = {isa = PBXFileReference; lastKnownFileType = image.png; path = deerSmall.png; sourceTree = "<group>"; };
		DD8A994F1259829700C2F04F /* factorySmall.png */ = {isa = PBXFileReference; lastKnownFileType = image.png; path = factorySmall.png; sourceTree = "<group>"; };
		DD8A99501259829700C2F04F /* motherSmall.png */ = {isa = PBXFileReference; lastKnownFileType = image.png; path = motherSmall.png; sourceTree = "<group>"; };
		DD8A99511259829700C2F04F /* passageSmall.png */ = {isa = PBXFileReference; lastKnownFileType = image.png; path = passageSmall.png; sourceTree = "<group>"; };
		DD8AD83312ECA99B00083F77 /* PassTouchButton.h */ = {isa = PBXFileReference; fileEncoding = 4; lastKnownFileType = sourcecode.c.h; path = PassTouchButton.h; sourceTree = "<group>"; };
		DD8AD83412ECA99B00083F77 /* PassTouchButton.m */ = {isa = PBXFileReference; fileEncoding = 4; lastKnownFileType = sourcecode.c.objc; path = PassTouchButton.m; sourceTree = "<group>"; };
		DD8E7C8012FCF73E0085A8F6 /* OrderedDictionary.h */ = {isa = PBXFileReference; fileEncoding = 4; lastKnownFileType = sourcecode.c.h; path = OrderedDictionary.h; sourceTree = "<group>"; };
		DD8E7C8112FCF73E0085A8F6 /* OrderedDictionary.m */ = {isa = PBXFileReference; fileEncoding = 4; lastKnownFileType = sourcecode.c.objc; path = OrderedDictionary.m; sourceTree = "<group>"; };
		DDAC811B12E8BB5600E2B011 /* LeavesCache.h */ = {isa = PBXFileReference; fileEncoding = 4; lastKnownFileType = sourcecode.c.h; path = LeavesCache.h; sourceTree = "<group>"; };
		DDAC811C12E8BB5600E2B011 /* LeavesCache.m */ = {isa = PBXFileReference; fileEncoding = 4; lastKnownFileType = sourcecode.c.objc; path = LeavesCache.m; sourceTree = "<group>"; };
		DDAC811D12E8BB5600E2B011 /* LeavesView.h */ = {isa = PBXFileReference; fileEncoding = 4; lastKnownFileType = sourcecode.c.h; path = LeavesView.h; sourceTree = "<group>"; };
		DDAC811E12E8BB5600E2B011 /* LeavesView.m */ = {isa = PBXFileReference; fileEncoding = 4; lastKnownFileType = sourcecode.c.objc; path = LeavesView.m; sourceTree = "<group>"; };
		DDAC811F12E8BB5600E2B011 /* LeavesViewController.h */ = {isa = PBXFileReference; fileEncoding = 4; lastKnownFileType = sourcecode.c.h; path = LeavesViewController.h; sourceTree = "<group>"; };
		DDAC812012E8BB5600E2B011 /* LeavesViewController.m */ = {isa = PBXFileReference; fileEncoding = 4; lastKnownFileType = sourcecode.c.objc; path = LeavesViewController.m; sourceTree = "<group>"; };
		DDBB8BF512AAEE2300C1F885 /* GamebookLog.h */ = {isa = PBXFileReference; fileEncoding = 4; lastKnownFileType = sourcecode.c.h; path = GamebookLog.h; sourceTree = "<group>"; };
		DDBB8BF612AAEE2300C1F885 /* GamebookLog.m */ = {isa = PBXFileReference; fileEncoding = 4; lastKnownFileType = sourcecode.c.objc; path = GamebookLog.m; sourceTree = "<group>"; wrapsLines = 1; };
		DDBC76AB12AA120000654D42 /* Index.txt */ = {isa = PBXFileReference; fileEncoding = 4; lastKnownFileType = text; path = Index.txt; sourceTree = "<group>"; wrapsLines = 1; };
		DDBC76AC12AA120000654D42 /* factoryExplore_assembly.txt */ = {isa = PBXFileReference; fileEncoding = 4; lastKnownFileType = text; path = factoryExplore_assembly.txt; sourceTree = "<group>"; };
		DDBC76AD12AA120000654D42 /* factoryExplore_doors.txt */ = {isa = PBXFileReference; fileEncoding = 4; lastKnownFileType = text; path = factoryExplore_doors.txt; sourceTree = "<group>"; };
		DDCC9E3212724D29005C5745 /* PrologueViewController.h */ = {isa = PBXFileReference; fileEncoding = 4; lastKnownFileType = sourcecode.c.h; path = PrologueViewController.h; sourceTree = "<group>"; wrapsLines = 1; };
		DDCC9E3312724D29005C5745 /* PrologueViewController.m */ = {isa = PBXFileReference; fileEncoding = 4; lastKnownFileType = sourcecode.c.objc; path = PrologueViewController.m; sourceTree = "<group>"; wrapsLines = 1; };
		DDCC9E3412724D29005C5745 /* PrologueViewController.xib */ = {isa = PBXFileReference; lastKnownFileType = file.xib; name = PrologueViewController.xib; path = Classes/PrologueViewController.xib; sourceTree = "<group>"; };
		DDCC9E6612726B86005C5745 /* BookViewController.h */ = {isa = PBXFileReference; fileEncoding = 4; lastKnownFileType = sourcecode.c.h; path = BookViewController.h; sourceTree = "<group>"; wrapsLines = 1; };
		DDCC9E6712726B86005C5745 /* BookViewController.m */ = {isa = PBXFileReference; fileEncoding = 4; lastKnownFileType = sourcecode.c.objc; path = BookViewController.m; sourceTree = "<group>"; wrapsLines = 1; };
		DDCC9E6812726B86005C5745 /* BookViewController.xib */ = {isa = PBXFileReference; lastKnownFileType = file.xib; name = BookViewController.xib; path = Classes/BookViewController.xib; sourceTree = "<group>"; };
		DDCC9EC112738E9E005C5745 /* CoverViewController.h */ = {isa = PBXFileReference; fileEncoding = 4; lastKnownFileType = sourcecode.c.h; path = CoverViewController.h; sourceTree = "<group>"; };
		DDCC9EC212738E9E005C5745 /* CoverViewController.m */ = {isa = PBXFileReference; fileEncoding = 4; lastKnownFileType = sourcecode.c.objc; path = CoverViewController.m; sourceTree = "<group>"; };
		DDCC9EC312738E9E005C5745 /* CoverViewController.xib */ = {isa = PBXFileReference; lastKnownFileType = file.xib; name = CoverViewController.xib; path = Classes/CoverViewController.xib; sourceTree = "<group>"; };
		DDCC9F2D1273D28B005C5745 /* cover.jpg */ = {isa = PBXFileReference; lastKnownFileType = image.jpeg; path = cover.jpg; sourceTree = "<group>"; };
		DDD24CC513456C690064780F /* BookController.h */ = {isa = PBXFileReference; fileEncoding = 4; lastKnownFileType = sourcecode.c.h; path = BookController.h; sourceTree = "<group>"; };
		DDD24CC613456C690064780F /* BookController.m */ = {isa = PBXFileReference; fileEncoding = 4; lastKnownFileType = sourcecode.c.objc; path = BookController.m; sourceTree = "<group>"; };
		DDDA66B112D28E1F00EC1457 /* prologue.txt */ = {isa = PBXFileReference; fileEncoding = 4; lastKnownFileType = text; path = prologue.txt; sourceTree = "<group>"; };
		DDDF51B212CBC48800B62509 /* robotSmall.png */ = {isa = PBXFileReference; lastKnownFileType = image.png; path = robotSmall.png; sourceTree = "<group>"; };
		DDE5EFB612D6946A000B7315 /* LoggerClient.h */ = {isa = PBXFileReference; fileEncoding = 4; lastKnownFileType = sourcecode.c.h; path = LoggerClient.h; sourceTree = "<group>"; };
		DDE5EFB712D6946A000B7315 /* LoggerClient.m */ = {isa = PBXFileReference; fileEncoding = 4; lastKnownFileType = sourcecode.c.objc; path = LoggerClient.m; sourceTree = "<group>"; };
		DDE5EFB812D6946A000B7315 /* LoggerCommon.h */ = {isa = PBXFileReference; fileEncoding = 4; lastKnownFileType = sourcecode.c.h; path = LoggerCommon.h; sourceTree = "<group>"; };
		DDE5EFD712D69937000B7315 /* CFNetwork.framework */ = {isa = PBXFileReference; lastKnownFileType = wrapper.framework; name = CFNetwork.framework; path = System/Library/Frameworks/CFNetwork.framework; sourceTree = SDKROOT; };
		DDE5EFDB12D69953000B7315 /* SystemConfiguration.framework */ = {isa = PBXFileReference; lastKnownFileType = wrapper.framework; name = SystemConfiguration.framework; path = System/Library/Frameworks/SystemConfiguration.framework; sourceTree = SDKROOT; };
		DDEA092212F120130020D002 /* NSDictionary+Section.h */ = {isa = PBXFileReference; fileEncoding = 4; lastKnownFileType = sourcecode.c.h; path = "NSDictionary+Section.h"; sourceTree = "<group>"; };
		DDEA092312F120130020D002 /* NSDictionary+Section.m */ = {isa = PBXFileReference; fileEncoding = 4; lastKnownFileType = sourcecode.c.objc; path = "NSDictionary+Section.m"; sourceTree = "<group>"; };
		DDEC2B161293AE2A00A92357 /* WaxLua.h */ = {isa = PBXFileReference; fileEncoding = 4; lastKnownFileType = sourcecode.c.h; path = WaxLua.h; sourceTree = "<group>"; };
		DDEC2B171293AE2A00A92357 /* WaxLua.m */ = {isa = PBXFileReference; fileEncoding = 4; lastKnownFileType = sourcecode.c.objc; path = WaxLua.m; sourceTree = "<group>"; };
		DDEC2B4A1293B0E000A92357 /* SectionParser.h */ = {isa = PBXFileReference; fileEncoding = 4; lastKnownFileType = sourcecode.c.h; path = SectionParser.h; sourceTree = "<group>"; };
		DDEC2B4B1293B0E000A92357 /* SectionParser.m */ = {isa = PBXFileReference; fileEncoding = 4; lastKnownFileType = sourcecode.c.objc; path = SectionParser.m; sourceTree = "<group>"; wrapsLines = 1; };
		DDFBF141126A39A800B21630 /* PagesViewController.h */ = {isa = PBXFileReference; fileEncoding = 4; lastKnownFileType = sourcecode.c.h; lineEnding = 0; path = PagesViewController.h; sourceTree = "<group>"; wrapsLines = 1; xcLanguageSpecificationIdentifier = xcode.lang.objcpp; };
		DDFBF142126A39A800B21630 /* PagesViewController.m */ = {isa = PBXFileReference; fileEncoding = 4; lastKnownFileType = sourcecode.c.objc; lineEnding = 0; path = PagesViewController.m; sourceTree = "<group>"; wrapsLines = 1; xcLanguageSpecificationIdentifier = xcode.lang.objc; };
		DDFBF143126A39A800B21630 /* SectionViewController.xib */ = {isa = PBXFileReference; lastKnownFileType = file.xib; name = SectionViewController.xib; path = Classes/SectionViewController.xib; sourceTree = "<group>"; };
		DDFBF171126A482500B21630 /* IndexTEST.txt */ = {isa = PBXFileReference; fileEncoding = 4; lastKnownFileType = text; path = IndexTEST.txt; sourceTree = "<group>"; wrapsLines = 1; xcLanguageSpecificationIdentifier = xcode.lang.lua; };
/* End PBXFileReference section */

/* Begin PBXFrameworksBuildPhase section */
		1D60588F0D05DD3D006BFB54 /* Frameworks */ = {
			isa = PBXFrameworksBuildPhase;
			buildActionMask = 2147483647;
			files = (
				1D60589F0D05DD5A006BFB54 /* Foundation.framework in Frameworks */,
				1DF5F4E00D08C38300B7A737 /* UIKit.framework in Frameworks */,
				288765A50DF7441C002DB57D /* CoreGraphics.framework in Frameworks */,
				DD69F64B12BF0C6200C9CA60 /* wax.framework in Frameworks */,
				DDE5EFD812D69937000B7315 /* CFNetwork.framework in Frameworks */,
				DDE5EFDC12D69953000B7315 /* SystemConfiguration.framework in Frameworks */,
				DD896A2512D94E0300021330 /* QuartzCore.framework in Frameworks */,
			);
			runOnlyForDeploymentPostprocessing = 0;
		};
		DD7CB5D213690CA800FF527D /* Frameworks */ = {
			isa = PBXFrameworksBuildPhase;
			buildActionMask = 2147483647;
			files = (
				DD7CB5D713690CA800FF527D /* UIKit.framework in Frameworks */,
				DD7CB5D813690CA800FF527D /* Foundation.framework in Frameworks */,
				DD7CB5D913690CA800FF527D /* CoreGraphics.framework in Frameworks */,
			);
			runOnlyForDeploymentPostprocessing = 0;
		};
/* End PBXFrameworksBuildPhase section */

/* Begin PBXGroup section */
		080E96DDFE201D6D7F000001 /* Classes */ = {
			isa = PBXGroup;
			children = (
				DD277413128CED36003156B3 /* Lua stuff */,
				DD8A4B441276588000ECC094 /* GameBookViewWithDelegate.h */,
				DD8A4B451276588000ECC094 /* GameBookViewWithDelegate.m */,
				1D3623240D0F684500981E51 /* GameBookAppDelegate.h */,
				1D3623250D0F684500981E51 /* GameBookAppDelegate.m */,
				DD53BA37129C4E40005093BA /* View */,
				DDFBF155126A3A2700B21630 /* Controlers */,
				DDFBF147126A39E000B21630 /* Model */,
			);
			path = Classes;
			sourceTree = "<group>";
		};
		19C28FACFE9D520D11CA2CBB /* Products */ = {
			isa = PBXGroup;
			children = (
				1D6058910D05DD3D006BFB54 /* GameBook.app */,
				DD7CB5D613690CA800FF527D /* Tests.octest */,
			);
			name = Products;
			sourceTree = "<group>";
		};
		29B97314FDCFA39411CA2CEA /* CustomTemplate */ = {
			isa = PBXGroup;
			children = (
				080E96DDFE201D6D7F000001 /* Classes */,
				29B97315FDCFA39411CA2CEA /* Other Sources */,
				29B97317FDCFA39411CA2CEA /* Resources */,
				DD7CB5DA13690CA800FF527D /* Tests */,
				29B97323FDCFA39411CA2CEA /* Frameworks */,
				19C28FACFE9D520D11CA2CBB /* Products */,
				DDE5EFD712D69937000B7315 /* CFNetwork.framework */,
				DDE5EFDB12D69953000B7315 /* SystemConfiguration.framework */,
			);
			name = CustomTemplate;
			sourceTree = "<group>";
		};
		29B97315FDCFA39411CA2CEA /* Other Sources */ = {
			isa = PBXGroup;
			children = (
				32CA4F630368D1EE00C91783 /* GameBook_Prefix.pch */,
				29B97316FDCFA39411CA2CEA /* main.m */,
				DD53BC3B12A21E65005093BA /* Constants.h */,
				DD53BC3C12A21E65005093BA /* Constants.m */,
				DDE5EFB312D6944F000B7315 /* Third Party */,
			);
			name = "Other Sources";
			sourceTree = "<group>";
		};
		29B97317FDCFA39411CA2CEA /* Resources */ = {
			isa = PBXGroup;
			children = (
				DD2774DC128D1B31003156B3 /* scripts */,
				DD277412128CECEA003156B3 /* Gamebook Sections */,
				DD8A994C1259829700C2F04F /* images */,
				DDFBF16F126A482500B21630 /* text */,
				DDCC9EC912738ED4005C5745 /* xibs */,
				8D1107310486CEB800E47090 /* GameBook-Info.plist */,
			);
			name = Resources;
			sourceTree = "<group>";
		};
		29B97323FDCFA39411CA2CEA /* Frameworks */ = {
			isa = PBXGroup;
			children = (
				DD69F64A12BF0C6200C9CA60 /* wax.framework */,
				1DF5F4DF0D08C38300B7A737 /* UIKit.framework */,
				1D30AB110D05D00D00671497 /* Foundation.framework */,
				288765A40DF7441C002DB57D /* CoreGraphics.framework */,
				DD896A2412D94E0300021330 /* QuartzCore.framework */,
			);
			name = Frameworks;
			sourceTree = "<group>";
		};
		DD22F420134A78D400BD2C00 /* Old Classes */ = {
			isa = PBXGroup;
			children = (
				DDCC9E6612726B86005C5745 /* BookViewController.h */,
				DDCC9E6712726B86005C5745 /* BookViewController.m */,
			);
			name = "Old Classes";
			sourceTree = "<group>";
		};
		DD277412128CECEA003156B3 /* Gamebook Sections */ = {
			isa = PBXGroup;
			children = (
			);
			name = "Gamebook Sections";
			sourceTree = "<group>";
		};
		DD277413128CED36003156B3 /* Lua stuff */ = {
			isa = PBXGroup;
			children = (
			);
			name = "Lua stuff";
			sourceTree = "<group>";
		};
		DD2774DC128D1B31003156B3 /* scripts */ = {
			isa = PBXGroup;
			children = (
				DD55F79B12A6BBFE00A578B4 /* parseOption.lua */,
				DD55F79C12A6BBFE00A578B4 /* printT.lua */,
				DD55F79212A6B9C500A578B4 /* gameObjectHelper.lua */,
				DD55F79312A6B9C500A578B4 /* gameObjectList.lua */,
				DD53BC9D12A2B9FA005093BA /* ParseHelper.lua */,
				DD2774DD128D1B31003156B3 /* AppDelegate.lua */,
				DD2B783412D42A6A002DABB0 /* prologueHelper.lua */,
			);
			name = scripts;
			path = data/scripts;
			sourceTree = "<group>";
		};
		DD296F0F134A75F700FE236D /* Old Classes */ = {
			isa = PBXGroup;
			children = (
				DD11EBD412FA267000317E3C /* ViewSwitchProtocol.h */,
				DDFBF141126A39A800B21630 /* PagesViewController.h */,
				DDFBF142126A39A800B21630 /* PagesViewController.m */,
				DD11E9E812F8D68500317E3C /* OpenBookViewController.h */,
				DD11E9E912F8D68500317E3C /* OpenBookViewController.m */,
			);
			name = "Old Classes";
			sourceTree = "<group>";
		};
		DD2B790112F28C670038901C /* content images */ = {
			isa = PBXGroup;
			children = (
				DD53BFE812A490B7005093BA /* forestSmall.png */,
				DD8A994D1259829700C2F04F /* ambushSmall.png */,
				DD8A994E1259829700C2F04F /* deerSmall.png */,
				DD8A994F1259829700C2F04F /* factorySmall.png */,
				DD8A99501259829700C2F04F /* motherSmall.png */,
				DD8A99511259829700C2F04F /* passageSmall.png */,
			);
			name = "content images";
			sourceTree = "<group>";
		};
		DD2B790212F28CA50038901C /* UI */ = {
			isa = PBXGroup;
			children = (
				DD2B78FC12F28C570038901C /* pageEdge_left.png */,
				DD2B78FD12F28C570038901C /* pageEdge_right.png */,
				DD89688D12D7CE4300021330 /* prologue_button.png */,
				DDDF51B212CBC48800B62509 /* robotSmall.png */,
				DD1634271276098100456EE0 /* fancy cover.png */,
				DDCC9F2D1273D28B005C5745 /* cover.jpg */,
				DD89689612D7D88900021330 /* prologue_button_2.png */,
			);
			name = UI;
			sourceTree = "<group>";
		};
		DD46ACB2127246F0007AE0AA /* Inside Pages */ = {
			isa = PBXGroup;
			children = (
				DD620CDE133C2EDB00456371 /* SectionViewController.h */,
				DD620CDF133C2EDB00456371 /* SectionViewController.m */,
				DD888FA413440A43005EB847 /* InsidePagesTransitionComponent.h */,
				DD888FA513440A43005EB847 /* InsidePagesTransitionComponent.m */,
				DD296F0F134A75F700FE236D /* Old Classes */,
			);
			name = "Inside Pages";
			sourceTree = "<group>";
		};
		DD46ACB41272471A007AE0AA /* Prologue */ = {
			isa = PBXGroup;
			children = (
				DDCC9E3212724D29005C5745 /* PrologueViewController.h */,
				DDCC9E3312724D29005C5745 /* PrologueViewController.m */,
			);
			name = Prologue;
			sourceTree = "<group>";
		};
		DD53BA37129C4E40005093BA /* View */ = {
			isa = PBXGroup;
			children = (
				DD8AD83312ECA99B00083F77 /* PassTouchButton.h */,
				DD8AD83412ECA99B00083F77 /* PassTouchButton.m */,
				DD11EB3012F9EF5D00317E3C /* GBTouchable.h */,
				DD11EB3112F9EF5D00317E3C /* GBTouchable.m */,
				DD53BA38129C4E5E005093BA /* SceneView.h */,
				DD53BA39129C4E5E005093BA /* SceneView.m */,
				DD53BB8012A04B53005093BA /* SectionView.h */,
				DD53BB8112A04B53005093BA /* SectionView.m */,
				DD53BE8912A36A8A005093BA /* TextView.h */,
				DD53BE8A12A36A8A005093BA /* TextView.m */,
			);
			name = View;
			sourceTree = "<group>";
		};
		DD53BB2012A02F2D005093BA /* forestSprites */ = {
			isa = PBXGroup;
			children = (
				DD53BB2112A02F2D005093BA /* bird.png */,
				DD53BB2212A02F2D005093BA /* branch.png */,
				DD53BB2312A02F2D005093BA /* deer.png */,
				DD53BB2412A02F2D005093BA /* flowers.png */,
				DD53BB2512A02F2D005093BA /* fruit.png */,
				DD53BB2612A02F2D005093BA /* Grasses.png */,
				DD53BB2712A02F2D005093BA /* leaves1.png */,
				DD53BB2812A02F2D005093BA /* leaves2.png */,
				DD53BB2912A02F2D005093BA /* mosses.png */,
				DD53BB2A12A02F2D005093BA /* mushroom.png */,
				DD53BB2B12A02F2D005093BA /* pine.png */,
				DD53BB2C12A02F2E005093BA /* puddle.png */,
				DD53BB2D12A02F2E005093BA /* roots.png */,
				DD53BB2E12A02F2E005093BA /* silhouette1.png */,
				DD53BB2F12A02F2E005093BA /* silhouette2.png */,
				DD53BB3012A02F2E005093BA /* stream.png */,
				DD53BB3112A02F2E005093BA /* treetrunks.png */,
				DD53BB3212A02F2E005093BA /* vine.png */,
			);
			path = forestSprites;
			sourceTree = "<group>";
		};
		DD7CB5DA13690CA800FF527D /* Tests */ = {
			isa = PBXGroup;
			children = (
				DD7CB5E113690CA800FF527D /* Tests.h */,
				DD7CB5E313690CA800FF527D /* Tests.m */,
				DD7CB5DB13690CA800FF527D /* Supporting Files */,
			);
			path = Tests;
			sourceTree = "<group>";
		};
		DD7CB5DB13690CA800FF527D /* Supporting Files */ = {
			isa = PBXGroup;
			children = (
				DD7CB5DC13690CA800FF527D /* Tests-Info.plist */,
				DD7CB5DD13690CA800FF527D /* InfoPlist.strings */,
				DD7CB5E013690CA800FF527D /* Tests-Prefix.pch */,
			);
			name = "Supporting Files";
			sourceTree = "<group>";
		};
		DD8A994C1259829700C2F04F /* images */ = {
			isa = PBXGroup;
			children = (
				DD2B790212F28CA50038901C /* UI */,
				DD2B790112F28C670038901C /* content images */,
				DD53BB2012A02F2D005093BA /* forestSprites */,
			);
			path = images;
			sourceTree = "<group>";
		};
		DD8E7C7F12FCF73E0085A8F6 /* OrderedDictionary */ = {
			isa = PBXGroup;
			children = (
				DD8E7C8012FCF73E0085A8F6 /* OrderedDictionary.h */,
				DD8E7C8112FCF73E0085A8F6 /* OrderedDictionary.m */,
			);
			path = OrderedDictionary;
			sourceTree = "<group>";
		};
		DDAC811A12E8BB5600E2B011 /* Leaves */ = {
			isa = PBXGroup;
			children = (
				DDAC811B12E8BB5600E2B011 /* LeavesCache.h */,
				DDAC811C12E8BB5600E2B011 /* LeavesCache.m */,
				DDAC811D12E8BB5600E2B011 /* LeavesView.h */,
				DDAC811E12E8BB5600E2B011 /* LeavesView.m */,
				DDAC811F12E8BB5600E2B011 /* LeavesViewController.h */,
				DDAC812012E8BB5600E2B011 /* LeavesViewController.m */,
			);
			path = Leaves;
			sourceTree = "<group>";
		};
		DDCC9EC912738ED4005C5745 /* xibs */ = {
			isa = PBXGroup;
			children = (
				DDCC9EC312738E9E005C5745 /* CoverViewController.xib */,
				DDCC9E6812726B86005C5745 /* BookViewController.xib */,
				28AD733E0D9D9553002E5188 /* MainWindow.xib */,
				DDCC9E3412724D29005C5745 /* PrologueViewController.xib */,
				DDFBF143126A39A800B21630 /* SectionViewController.xib */,
				DD163490127615DA00456EE0 /* MainTitleMenu.xib */,
			);
			name = xibs;
			sourceTree = "<group>";
		};
		DDCC9F041273AE78005C5745 /* Cover */ = {
			isa = PBXGroup;
			children = (
				DDCC9EC112738E9E005C5745 /* CoverViewController.h */,
				DDCC9EC212738E9E005C5745 /* CoverViewController.m */,
			);
			name = Cover;
			sourceTree = "<group>";
		};
		DDCC9F0A1273AED5005C5745 /* Main Menu */ = {
			isa = PBXGroup;
			children = (
				DD16348E127615DA00456EE0 /* MainTitleMenu.h */,
				DD16348F127615DA00456EE0 /* MainTitleMenu.m */,
			);
			name = "Main Menu";
			sourceTree = "<group>";
		};
		DDE5EFB312D6944F000B7315 /* Third Party */ = {
			isa = PBXGroup;
			children = (
				DD22F421134A8A4B00BD2C00 /* SynthesizeSingleton.h */,
				DD8E7C7F12FCF73E0085A8F6 /* OrderedDictionary */,
				DDAC811A12E8BB5600E2B011 /* Leaves */,
				DDE5EFB612D6946A000B7315 /* LoggerClient.h */,
				DDE5EFB712D6946A000B7315 /* LoggerClient.m */,
				DDE5EFB812D6946A000B7315 /* LoggerCommon.h */,
			);
			name = "Third Party";
			sourceTree = "<group>";
		};
		DDFBF147126A39E000B21630 /* Model */ = {
			isa = PBXGroup;
			children = (
				DDEC2B4A1293B0E000A92357 /* SectionParser.h */,
				DDEC2B4B1293B0E000A92357 /* SectionParser.m */,
				DDEC2B161293AE2A00A92357 /* WaxLua.h */,
				DDEC2B171293AE2A00A92357 /* WaxLua.m */,
				DDBB8BF512AAEE2300C1F885 /* GamebookLog.h */,
				DDBB8BF612AAEE2300C1F885 /* GamebookLog.m */,
				DDEA092212F120130020D002 /* NSDictionary+Section.h */,
				DDEA092312F120130020D002 /* NSDictionary+Section.m */,
			);
			name = Model;
			sourceTree = "<group>";
		};
		DDFBF155126A3A2700B21630 /* Controlers */ = {
			isa = PBXGroup;
			children = (
				DDD24CC513456C690064780F /* BookController.h */,
				DDD24CC613456C690064780F /* BookController.m */,
				DD22F420134A78D400BD2C00 /* Old Classes */,
				DDCC9F0A1273AED5005C5745 /* Main Menu */,
				DDCC9F041273AE78005C5745 /* Cover */,
				DD46ACB41272471A007AE0AA /* Prologue */,
				DD46ACB2127246F0007AE0AA /* Inside Pages */,
			);
			name = Controlers;
			sourceTree = "<group>";
		};
		DDFBF16F126A482500B21630 /* text */ = {
			isa = PBXGroup;
			children = (
				DDBC76AB12AA120000654D42 /* Index.txt */,
				DDBC76AC12AA120000654D42 /* factoryExplore_assembly.txt */,
				DDBC76AD12AA120000654D42 /* factoryExplore_doors.txt */,
				DD098E1D126E300E00BF8B8C /* wells.txt */,
				DD098E1E126E300E00BF8B8C /* melville.txt */,
				DD098E1F126E300E00BF8B8C /* kafka.txt */,
				DD098E20126E300E00BF8B8C /* burroughs.txt */,
				DDFBF171126A482500B21630 /* IndexTEST.txt */,
				DDDA66B112D28E1F00EC1457 /* prologue.txt */,
			);
			path = text;
			sourceTree = "<group>";
		};
/* End PBXGroup section */

/* Begin PBXNativeTarget section */
		1D6058900D05DD3D006BFB54 /* GameBook */ = {
			isa = PBXNativeTarget;
			buildConfigurationList = 1D6058960D05DD3E006BFB54 /* Build configuration list for PBXNativeTarget "GameBook" */;
			buildPhases = (
				1D60588D0D05DD3D006BFB54 /* Resources */,
				1D60588E0D05DD3D006BFB54 /* Sources */,
				1D60588F0D05DD3D006BFB54 /* Frameworks */,
				DD2773F3128CDE90003156B3 /* ShellScript */,
			);
			buildRules = (
				DDD77CD012A6029800D94B48 /* PBXBuildRule */,
			);
			dependencies = (
			);
			name = GameBook;
			productName = GameBook;
			productReference = 1D6058910D05DD3D006BFB54 /* GameBook.app */;
			productType = "com.apple.product-type.application";
		};
		DD7CB5D513690CA800FF527D /* Tests */ = {
			isa = PBXNativeTarget;
			buildConfigurationList = DD7CB5E713690CA800FF527D /* Build configuration list for PBXNativeTarget "Tests" */;
			buildPhases = (
				DD7CB5D113690CA800FF527D /* Sources */,
				DD7CB5D213690CA800FF527D /* Frameworks */,
				DD7CB5D313690CA800FF527D /* Resources */,
				DD7CB5D413690CA800FF527D /* ShellScript */,
			);
			buildRules = (
			);
			dependencies = (
			);
			name = Tests;
			productName = Tests;
			productReference = DD7CB5D613690CA800FF527D /* Tests.octest */;
			productType = "com.apple.product-type.bundle";
		};
/* End PBXNativeTarget section */

/* Begin PBXProject section */
		29B97313FDCFA39411CA2CEA /* Project object */ = {
			isa = PBXProject;
			buildConfigurationList = C01FCF4E08A954540054247B /* Build configuration list for PBXProject "GameBook" */;
			compatibilityVersion = "Xcode 3.2";
			developmentRegion = English;
			hasScannedForEncodings = 1;
			knownRegions = (
				English,
				Japanese,
				French,
				German,
				en,
			);
			mainGroup = 29B97314FDCFA39411CA2CEA /* CustomTemplate */;
			projectDirPath = "";
			projectRoot = "";
			targets = (
				1D6058900D05DD3D006BFB54 /* GameBook */,
				DD7CB5D513690CA800FF527D /* Tests */,
			);
		};
/* End PBXProject section */

/* Begin PBXResourcesBuildPhase section */
		1D60588D0D05DD3D006BFB54 /* Resources */ = {
			isa = PBXResourcesBuildPhase;
			buildActionMask = 2147483647;
			files = (
				DD55F7BE12A6C18000A578B4 /* parseOption.lua in Resources */,
				DD55F7BF12A6C18000A578B4 /* printT.lua in Resources */,
				DD55F7C012A6C18000A578B4 /* gameObjectHelper.lua in Resources */,
				DD55F7C112A6C18000A578B4 /* gameObjectList.lua in Resources */,
				DD55F7C212A6C18000A578B4 /* ParseHelper.lua in Resources */,
				28AD733F0D9D9553002E5188 /* MainWindow.xib in Resources */,
				DD8A99521259829700C2F04F /* ambushSmall.png in Resources */,
				DD8A99531259829700C2F04F /* deerSmall.png in Resources */,
				DD8A99541259829700C2F04F /* factorySmall.png in Resources */,
				DD8A99551259829700C2F04F /* motherSmall.png in Resources */,
				DD8A99561259829700C2F04F /* passageSmall.png in Resources */,
				DDFBF145126A39A800B21630 /* SectionViewController.xib in Resources */,
				DDFBF175126A482500B21630 /* IndexTEST.txt in Resources */,
				DD098E21126E300E00BF8B8C /* wells.txt in Resources */,
				DD098E22126E300E00BF8B8C /* melville.txt in Resources */,
				DD098E23126E300E00BF8B8C /* kafka.txt in Resources */,
				DD098E24126E300E00BF8B8C /* burroughs.txt in Resources */,
				DDCC9E3612724D29005C5745 /* PrologueViewController.xib in Resources */,
				DDCC9E6A12726B86005C5745 /* BookViewController.xib in Resources */,
				DDCC9EC512738E9E005C5745 /* CoverViewController.xib in Resources */,
				DDCC9F2E1273D28B005C5745 /* cover.jpg in Resources */,
				DD1634281276098100456EE0 /* fancy cover.png in Resources */,
				DD163492127615DA00456EE0 /* MainTitleMenu.xib in Resources */,
				DD53BB3312A02F2E005093BA /* bird.png in Resources */,
				DD53BB3412A02F2E005093BA /* branch.png in Resources */,
				DD53BB3512A02F2E005093BA /* deer.png in Resources */,
				DD53BB3612A02F2E005093BA /* flowers.png in Resources */,
				DD53BB3712A02F2E005093BA /* fruit.png in Resources */,
				DD53BB3812A02F2E005093BA /* Grasses.png in Resources */,
				DD53BB3912A02F2E005093BA /* leaves1.png in Resources */,
				DD53BB3A12A02F2E005093BA /* leaves2.png in Resources */,
				DD53BB3B12A02F2E005093BA /* mosses.png in Resources */,
				DD53BB3C12A02F2E005093BA /* mushroom.png in Resources */,
				DD53BB3D12A02F2E005093BA /* pine.png in Resources */,
				DD53BB3E12A02F2E005093BA /* puddle.png in Resources */,
				DD53BB3F12A02F2E005093BA /* roots.png in Resources */,
				DD53BB4012A02F2E005093BA /* silhouette1.png in Resources */,
				DD53BB4112A02F2E005093BA /* silhouette2.png in Resources */,
				DD53BB4212A02F2E005093BA /* stream.png in Resources */,
				DD53BB4312A02F2E005093BA /* treetrunks.png in Resources */,
				DD53BB4412A02F2E005093BA /* vine.png in Resources */,
				DD53BFE912A490B7005093BA /* forestSmall.png in Resources */,
				DDBC76AE12AA120000654D42 /* Index.txt in Resources */,
				DDBC76AF12AA120000654D42 /* factoryExplore_assembly.txt in Resources */,
				DDBC76B012AA120000654D42 /* factoryExplore_doors.txt in Resources */,
				DDDF51B312CBC48800B62509 /* robotSmall.png in Resources */,
				DDDA66B212D28E1F00EC1457 /* prologue.txt in Resources */,
				DD89688E12D7CE4300021330 /* prologue_button.png in Resources */,
				DD89689712D7D88900021330 /* prologue_button_2.png in Resources */,
				DD2B78FE12F28C570038901C /* pageEdge_left.png in Resources */,
				DD2B78FF12F28C570038901C /* pageEdge_right.png in Resources */,
			);
			runOnlyForDeploymentPostprocessing = 0;
		};
		DD7CB5D313690CA800FF527D /* Resources */ = {
			isa = PBXResourcesBuildPhase;
			buildActionMask = 2147483647;
			files = (
				DD7CB5DF13690CA800FF527D /* InfoPlist.strings in Resources */,
				DD7CB5E213690CA800FF527D /* Tests.h in Resources */,
			);
			runOnlyForDeploymentPostprocessing = 0;
		};
/* End PBXResourcesBuildPhase section */

/* Begin PBXShellScriptBuildPhase section */
		DD2773F3128CDE90003156B3 /* ShellScript */ = {
			isa = PBXShellScriptBuildPhase;
			buildActionMask = 2147483647;
			files = (
			);
			inputPaths = (
			);
			outputPaths = (
			);
			runOnlyForDeploymentPostprocessing = 0;
			shellPath = /bin/sh;
			shellScript = "\"$PROJECT_DIR/wax.framework/Resources/copy-scripts.sh\"";
		};
		DD7CB5D413690CA800FF527D /* ShellScript */ = {
			isa = PBXShellScriptBuildPhase;
			buildActionMask = 2147483647;
			files = (
			);
			inputPaths = (
			);
			outputPaths = (
			);
			runOnlyForDeploymentPostprocessing = 0;
			shellPath = /bin/sh;
			shellScript = "# Run the unit tests in this test bundle.\n\"${SYSTEM_DEVELOPER_DIR}/Tools/RunUnitTests\"\n";
		};
/* End PBXShellScriptBuildPhase section */

/* Begin PBXSourcesBuildPhase section */
		1D60588E0D05DD3D006BFB54 /* Sources */ = {
			isa = PBXSourcesBuildPhase;
			buildActionMask = 2147483647;
			files = (
				DD22F422134AA35C00BD2C00 /* OrderedDictionary.m in Sources */,
				1D60589B0D05DD56006BFB54 /* main.m in Sources */,
				1D3623260D0F684500981E51 /* GameBookAppDelegate.m in Sources */,
				DDFBF144126A39A800B21630 /* PagesViewController.m in Sources */,
				DDCC9E3512724D29005C5745 /* PrologueViewController.m in Sources */,
				DDCC9E6912726B86005C5745 /* BookViewController.m in Sources */,
				DDCC9EC412738E9E005C5745 /* CoverViewController.m in Sources */,
				DD163491127615DA00456EE0 /* MainTitleMenu.m in Sources */,
				DD8A4B461276588000ECC094 /* GameBookViewWithDelegate.m in Sources */,
				DDEC2B181293AE2B00A92357 /* WaxLua.m in Sources */,
				DDEC2B4C1293B0E000A92357 /* SectionParser.m in Sources */,
				DD53BBB812A0F847005093BA /* SceneView.m in Sources */,
				DD53BB8212A04B53005093BA /* SectionView.m in Sources */,
				DD53BC3D12A21E65005093BA /* Constants.m in Sources */,
				DD53BE8B12A36A8A005093BA /* TextView.m in Sources */,
				DDBB8BF712AAEE2300C1F885 /* GamebookLog.m in Sources */,
				DDE5EFB912D6946A000B7315 /* LoggerClient.m in Sources */,
				DDAC812112E8BB5700E2B011 /* LeavesCache.m in Sources */,
				DDAC812212E8BB5700E2B011 /* LeavesView.m in Sources */,
				DDAC812312E8BB5700E2B011 /* LeavesViewController.m in Sources */,
				DD8AD83512ECA99B00083F77 /* PassTouchButton.m in Sources */,
				DDEA092412F120130020D002 /* NSDictionary+Section.m in Sources */,
				DD11E9EA12F8D68500317E3C /* OpenBookViewController.m in Sources */,
				DD11EB3312F9EF5D00317E3C /* GBTouchable.m in Sources */,
				DD620CE0133C2EDB00456371 /* SectionViewController.m in Sources */,
				DD888FA613440A43005EB847 /* InsidePagesTransitionComponent.m in Sources */,
				DDD24CC713456C690064780F /* BookController.m in Sources */,
			);
			runOnlyForDeploymentPostprocessing = 0;
		};
		DD7CB5D113690CA800FF527D /* Sources */ = {
			isa = PBXSourcesBuildPhase;
			buildActionMask = 2147483647;
			files = (
				DD7CB5E813690D2E00FF527D /* OrderedDictionary.m in Sources */,
				DD7CB5E413690CA800FF527D /* Tests.m in Sources */,
			);
			runOnlyForDeploymentPostprocessing = 0;
		};
/* End PBXSourcesBuildPhase section */

/* Begin PBXVariantGroup section */
		DD7CB5DD13690CA800FF527D /* InfoPlist.strings */ = {
			isa = PBXVariantGroup;
			children = (
				DD7CB5DE13690CA800FF527D /* en */,
			);
			name = InfoPlist.strings;
			sourceTree = "<group>";
		};
/* End PBXVariantGroup section */

/* Begin XCBuildConfiguration section */
		1D6058940D05DD3E006BFB54 /* Debug */ = {
			isa = XCBuildConfiguration;
			buildSettings = {
				ALWAYS_SEARCH_USER_PATHS = NO;
				COPY_PHASE_STRIP = NO;
				FRAMEWORK_SEARCH_PATHS = (
					"$(inherited)",
					"\"$(SRCROOT)\"",
				);
				GCC_DYNAMIC_NO_PIC = NO;
				GCC_OPTIMIZATION_LEVEL = 0;
				GCC_PRECOMPILE_PREFIX_HEADER = YES;
				GCC_PREFIX_HEADER = GameBook_Prefix.pch;
				INFOPLIST_FILE = "GameBook-Info.plist";
				IPHONEOS_DEPLOYMENT_TARGET = 3.2;
				OTHER_LDFLAGS = "-licucore";
				PRODUCT_NAME = GameBook;
			};
			name = Debug;
		};
		1D6058950D05DD3E006BFB54 /* Release */ = {
			isa = XCBuildConfiguration;
			buildSettings = {
				ALWAYS_SEARCH_USER_PATHS = NO;
				COPY_PHASE_STRIP = YES;
				FRAMEWORK_SEARCH_PATHS = (
					"$(inherited)",
					"\"$(SRCROOT)\"",
				);
				GCC_PRECOMPILE_PREFIX_HEADER = YES;
				GCC_PREFIX_HEADER = GameBook_Prefix.pch;
				INFOPLIST_FILE = "GameBook-Info.plist";
				IPHONEOS_DEPLOYMENT_TARGET = 3.2;
				OTHER_LDFLAGS = "-licucore";
				PRODUCT_NAME = GameBook;
				VALIDATE_PRODUCT = YES;
			};
			name = Release;
		};
		C01FCF4F08A954540054247B /* Debug */ = {
			isa = XCBuildConfiguration;
			buildSettings = {
				ARCHS = "$(ARCHS_UNIVERSAL_IPHONE_OS)";
				"CODE_SIGN_IDENTITY[sdk=iphoneos*]" = "iPhone Developer";
				GCC_C_LANGUAGE_STANDARD = c99;
				GCC_OPTIMIZATION_LEVEL = 0;
				GCC_PREPROCESSOR_DEFINITIONS = "CONFIGURATION_$(CONFIGURATION)";
				GCC_PREPROCESSOR_DEFINITIONS_NOT_USED_IN_PRECOMPS = "";
				GCC_TREAT_WARNINGS_AS_ERRORS = NO;
				GCC_VERSION = com.apple.compilers.llvm.clang.1_0;
				GCC_WARN_ABOUT_RETURN_TYPE = YES;
				GCC_WARN_UNUSED_VARIABLE = YES;
				IPHONEOS_DEPLOYMENT_TARGET = 3.2;
				PREBINDING = NO;
				SDKROOT = iphoneos;
				TARGETED_DEVICE_FAMILY = 2;
			};
			name = Debug;
		};
		C01FCF5008A954540054247B /* Release */ = {
			isa = XCBuildConfiguration;
			buildSettings = {
				ARCHS = "$(ARCHS_UNIVERSAL_IPHONE_OS)";
				"CODE_SIGN_IDENTITY[sdk=iphoneos*]" = "iPhone Developer";
				GCC_C_LANGUAGE_STANDARD = c99;
				GCC_PREPROCESSOR_DEFINITIONS = "CONFIGURATION_$(CONFIGURATION)";
				GCC_PREPROCESSOR_DEFINITIONS_NOT_USED_IN_PRECOMPS = "";
				GCC_TREAT_WARNINGS_AS_ERRORS = NO;
				GCC_VERSION = "";
				GCC_WARN_ABOUT_RETURN_TYPE = YES;
				GCC_WARN_UNUSED_VARIABLE = YES;
				IPHONEOS_DEPLOYMENT_TARGET = 3.2;
				OTHER_CFLAGS = "-DNS_BLOCK_ASSERTIONS=1";
				PREBINDING = NO;
				SDKROOT = iphoneos;
				TARGETED_DEVICE_FAMILY = 2;
				VALIDATE_PRODUCT = YES;
			};
			name = Release;
		};
		DD7CB5E513690CA800FF527D /* Debug */ = {
			isa = XCBuildConfiguration;
			buildSettings = {
				ALWAYS_SEARCH_USER_PATHS = NO;
				ARCHS = "$(ARCHS_STANDARD_32_BIT)";
				FRAMEWORK_SEARCH_PATHS = (
					"$(SDKROOT)/Developer/Library/Frameworks",
					"$(DEVELOPER_LIBRARY_DIR)/Frameworks",
				);
				GCC_C_LANGUAGE_STANDARD = gnu99;
				GCC_PRECOMPILE_PREFIX_HEADER = YES;
				GCC_PREFIX_HEADER = "Tests/Tests-Prefix.pch";
				GCC_PREPROCESSOR_DEFINITIONS = DEBUG;
				GCC_SYMBOLS_PRIVATE_EXTERN = NO;
				GCC_VERSION = com.apple.compilers.llvmgcc42;
				INFOPLIST_FILE = "Tests/Tests-Info.plist";
				IPHONEOS_DEPLOYMENT_TARGET = 4.3;
				OTHER_LDFLAGS = (
					"-framework",
					SenTestingKit,
				);
				PRODUCT_NAME = "$(TARGET_NAME)";
				WRAPPER_EXTENSION = octest;
			};
			name = Debug;
		};
		DD7CB5E613690CA800FF527D /* Release */ = {
			isa = XCBuildConfiguration;
			buildSettings = {
				ALWAYS_SEARCH_USER_PATHS = NO;
				ARCHS = "$(ARCHS_STANDARD_32_BIT)";
				FRAMEWORK_SEARCH_PATHS = (
					"$(SDKROOT)/Developer/Library/Frameworks",
					"$(DEVELOPER_LIBRARY_DIR)/Frameworks",
				);
				GCC_C_LANGUAGE_STANDARD = gnu99;
				GCC_PRECOMPILE_PREFIX_HEADER = YES;
				GCC_PREFIX_HEADER = "Tests/Tests-Prefix.pch";
				GCC_VERSION = com.apple.compilers.llvmgcc42;
				INFOPLIST_FILE = "Tests/Tests-Info.plist";
				IPHONEOS_DEPLOYMENT_TARGET = 4.3;
				OTHER_LDFLAGS = (
					"-framework",
					SenTestingKit,
				);
				PRODUCT_NAME = "$(TARGET_NAME)";
				WRAPPER_EXTENSION = octest;
			};
			name = Release;
		};
/* End XCBuildConfiguration section */

/* Begin XCConfigurationList section */
		1D6058960D05DD3E006BFB54 /* Build configuration list for PBXNativeTarget "GameBook" */ = {
			isa = XCConfigurationList;
			buildConfigurations = (
				1D6058940D05DD3E006BFB54 /* Debug */,
				1D6058950D05DD3E006BFB54 /* Release */,
			);
			defaultConfigurationIsVisible = 0;
			defaultConfigurationName = Release;
		};
		C01FCF4E08A954540054247B /* Build configuration list for PBXProject "GameBook" */ = {
			isa = XCConfigurationList;
			buildConfigurations = (
				C01FCF4F08A954540054247B /* Debug */,
				C01FCF5008A954540054247B /* Release */,
			);
			defaultConfigurationIsVisible = 0;
			defaultConfigurationName = Release;
		};
		DD7CB5E713690CA800FF527D /* Build configuration list for PBXNativeTarget "Tests" */ = {
			isa = XCConfigurationList;
			buildConfigurations = (
				DD7CB5E513690CA800FF527D /* Debug */,
				DD7CB5E613690CA800FF527D /* Release */,
			);
			defaultConfigurationIsVisible = 0;
		};
/* End XCConfigurationList section */
	};
	rootObject = 29B97313FDCFA39411CA2CEA /* Project object */;
}
